
Microsoft Visual Studio Solution File, Format Version 12.00
# Visual Studio Version 17
VisualStudioVersion = 17.7.34024.191
MinimumVisualStudioVersion = 10.0.40219.1
Project("{9A19103F-16F7-4668-BE54-9A1E7A4F7556}") = "OperatorsAndExpressions", "OperatorsAndExpressions\OperatorsAndExpressions.csproj", "{CA03EB5D-0EF5-4570-B8EA-B05404DF3EFE}"
EndProject
Global
	GlobalSection(SolutionConfigurationPlatforms) = preSolution
		Debug|Any CPU = Debug|Any CPU
		Release|Any CPU = Release|Any CPU
	EndGlobalSection
	GlobalSection(ProjectConfigurationPlatforms) = postSolution
		{CA03EB5D-0EF5-4570-B8EA-B05404DF3EFE}.Debug|Any CPU.ActiveCfg = Debug|Any CPU
		{CA03EB5D-0EF5-4570-B8EA-B05404DF3EFE}.Debug|Any CPU.Build.0 = Debug|Any CPU
		{CA03EB5D-0EF5-4570-B8EA-B05404DF3EFE}.Release|Any CPU.ActiveCfg = Release|Any CPU
		{CA03EB5D-0EF5-4570-B8EA-B05404DF3EFE}.Release|Any CPU.Build.0 = Release|Any CPU
	EndGlobalSection
	GlobalSection(SolutionProperties) = preSolution
		HideSolutionNode = FALSE
	EndGlobalSection
	GlobalSection(ExtensibilityGlobals) = postSolution
		SolutionGuid = {0B832665-C149-4C0E-B6B2-4F42499DA372}
	EndGlobalSection
EndGlobal
